// !$*UTF8*$!
{
	archiveVersion = 1;
	classes = {
	};
	objectVersion = 46;
	objects = {

/* Begin PBXBuildFile section */
		31E894A51E8052C00038E70A /* AppDelegate.swift in Sources */ = {isa = PBXBuildFile; fileRef = 31E894A41E8052C00038E70A /* AppDelegate.swift */; };
		31E894A71E8052C00038E70A /* ViewController.swift in Sources */ = {isa = PBXBuildFile; fileRef = 31E894A61E8052C00038E70A /* ViewController.swift */; };
		31E894AA1E8052C00038E70A /* Main.storyboard in Resources */ = {isa = PBXBuildFile; fileRef = 31E894A81E8052C00038E70A /* Main.storyboard */; };
		31E894AC1E8052C00038E70A /* Assets.xcassets in Resources */ = {isa = PBXBuildFile; fileRef = 31E894AB1E8052C00038E70A /* Assets.xcassets */; };
		31E894AF1E8052C00038E70A /* LaunchScreen.storyboard in Resources */ = {isa = PBXBuildFile; fileRef = 31E894AD1E8052C00038E70A /* LaunchScreen.storyboard */; };
		31E894BA1E8052C00038E70A /* WeatherAppTests.swift in Sources */ = {isa = PBXBuildFile; fileRef = 31E894B91E8052C00038E70A /* WeatherAppTests.swift */; };
		31E894C51E8052C00038E70A /* WeatherAppUITests.swift in Sources */ = {isa = PBXBuildFile; fileRef = 31E894C41E8052C00038E70A /* WeatherAppUITests.swift */; };
		5543C44306A3FC517C9C82EA /* Pods_WeatherApp.framework in Frameworks */ = {isa = PBXBuildFile; fileRef = 14BA2B712E670BCED6EC376C /* Pods_WeatherApp.framework */; };
		8AA0FD26FDBDB364D893B906 /* Pods_WeatherAppUITests.framework in Frameworks */ = {isa = PBXBuildFile; fileRef = 47D4176C2341BA2B1AB9BF69 /* Pods_WeatherAppUITests.framework */; };
		B388C42E5BFFC82173BCB8A6 /* Pods_WeatherAppTests.framework in Frameworks */ = {isa = PBXBuildFile; fileRef = D65577BDDAEB00C1F07C3CD4 /* Pods_WeatherAppTests.framework */; };
/* End PBXBuildFile section */

/* Begin PBXContainerItemProxy section */
		31E894B61E8052C00038E70A /* PBXContainerItemProxy */ = {
			isa = PBXContainerItemProxy;
			containerPortal = 31E894991E8052C00038E70A /* Project object */;
			proxyType = 1;
			remoteGlobalIDString = 31E894A01E8052C00038E70A;
			remoteInfo = WeatherApp;
		};
		31E894C11E8052C00038E70A /* PBXContainerItemProxy */ = {
			isa = PBXContainerItemProxy;
			containerPortal = 31E894991E8052C00038E70A /* Project object */;
			proxyType = 1;
			remoteGlobalIDString = 31E894A01E8052C00038E70A;
			remoteInfo = WeatherApp;
		};
/* End PBXContainerItemProxy section */

/* Begin PBXFileReference section */
		14BA2B712E670BCED6EC376C /* Pods_WeatherApp.framework */ = {isa = PBXFileReference; explicitFileType = wrapper.framework; includeInIndex = 0; path = Pods_WeatherApp.framework; sourceTree = BUILT_PRODUCTS_DIR; };
		1B9F5B933530648E8B2FF220 /* Pods-WeatherApp.debug.xcconfig */ = {isa = PBXFileReference; includeInIndex = 1; lastKnownFileType = text.xcconfig; name = "Pods-WeatherApp.debug.xcconfig"; path = "Pods/Target Support Files/Pods-WeatherApp/Pods-WeatherApp.debug.xcconfig"; sourceTree = "<group>"; };
		1DB8461798A011F1F80454D7 /* Pods-WeatherApp.release.xcconfig */ = {isa = PBXFileReference; includeInIndex = 1; lastKnownFileType = text.xcconfig; name = "Pods-WeatherApp.release.xcconfig"; path = "Pods/Target Support Files/Pods-WeatherApp/Pods-WeatherApp.release.xcconfig"; sourceTree = "<group>"; };
		239CE2A3452005F6CF9AEE52 /* Pods-WeatherAppUITests.release.xcconfig */ = {isa = PBXFileReference; includeInIndex = 1; lastKnownFileType = text.xcconfig; name = "Pods-WeatherAppUITests.release.xcconfig"; path = "Pods/Target Support Files/Pods-WeatherAppUITests/Pods-WeatherAppUITests.release.xcconfig"; sourceTree = "<group>"; };
		31E894A11E8052C00038E70A /* WeatherApp.app */ = {isa = PBXFileReference; explicitFileType = wrapper.application; includeInIndex = 0; path = WeatherApp.app; sourceTree = BUILT_PRODUCTS_DIR; };
		31E894A41E8052C00038E70A /* AppDelegate.swift */ = {isa = PBXFileReference; lastKnownFileType = sourcecode.swift; path = AppDelegate.swift; sourceTree = "<group>"; };
		31E894A61E8052C00038E70A /* ViewController.swift */ = {isa = PBXFileReference; lastKnownFileType = sourcecode.swift; path = ViewController.swift; sourceTree = "<group>"; };
		31E894A91E8052C00038E70A /* Base */ = {isa = PBXFileReference; lastKnownFileType = file.storyboard; name = Base; path = Base.lproj/Main.storyboard; sourceTree = "<group>"; };
		31E894AB1E8052C00038E70A /* Assets.xcassets */ = {isa = PBXFileReference; lastKnownFileType = folder.assetcatalog; path = Assets.xcassets; sourceTree = "<group>"; };
		31E894AE1E8052C00038E70A /* Base */ = {isa = PBXFileReference; lastKnownFileType = file.storyboard; name = Base; path = Base.lproj/LaunchScreen.storyboard; sourceTree = "<group>"; };
		31E894B01E8052C00038E70A /* Info.plist */ = {isa = PBXFileReference; lastKnownFileType = text.plist.xml; path = Info.plist; sourceTree = "<group>"; };
		31E894B51E8052C00038E70A /* WeatherAppTests.xctest */ = {isa = PBXFileReference; explicitFileType = wrapper.cfbundle; includeInIndex = 0; path = WeatherAppTests.xctest; sourceTree = BUILT_PRODUCTS_DIR; };
		31E894B91E8052C00038E70A /* WeatherAppTests.swift */ = {isa = PBXFileReference; lastKnownFileType = sourcecode.swift; path = WeatherAppTests.swift; sourceTree = "<group>"; };
		31E894BB1E8052C00038E70A /* Info.plist */ = {isa = PBXFileReference; lastKnownFileType = text.plist.xml; path = Info.plist; sourceTree = "<group>"; };
		31E894C01E8052C00038E70A /* WeatherAppUITests.xctest */ = {isa = PBXFileReference; explicitFileType = wrapper.cfbundle; includeInIndex = 0; path = WeatherAppUITests.xctest; sourceTree = BUILT_PRODUCTS_DIR; };
		31E894C41E8052C00038E70A /* WeatherAppUITests.swift */ = {isa = PBXFileReference; lastKnownFileType = sourcecode.swift; path = WeatherAppUITests.swift; sourceTree = "<group>"; };
		31E894C61E8052C00038E70A /* Info.plist */ = {isa = PBXFileReference; lastKnownFileType = text.plist.xml; path = Info.plist; sourceTree = "<group>"; };
		47D4176C2341BA2B1AB9BF69 /* Pods_WeatherAppUITests.framework */ = {isa = PBXFileReference; explicitFileType = wrapper.framework; includeInIndex = 0; path = Pods_WeatherAppUITests.framework; sourceTree = BUILT_PRODUCTS_DIR; };
		53569CDC8E0A7F552C6BDA40 /* Pods-WeatherAppUITests.debug.xcconfig */ = {isa = PBXFileReference; includeInIndex = 1; lastKnownFileType = text.xcconfig; name = "Pods-WeatherAppUITests.debug.xcconfig"; path = "Pods/Target Support Files/Pods-WeatherAppUITests/Pods-WeatherAppUITests.debug.xcconfig"; sourceTree = "<group>"; };
		5DB29615C7BB02540CBE0011 /* Pods-WeatherAppTests.debug.xcconfig */ = {isa = PBXFileReference; includeInIndex = 1; lastKnownFileType = text.xcconfig; name = "Pods-WeatherAppTests.debug.xcconfig"; path = "Pods/Target Support Files/Pods-WeatherAppTests/Pods-WeatherAppTests.debug.xcconfig"; sourceTree = "<group>"; };
		A41F96CC73093249BDE18ED0 /* Pods-WeatherAppTests.release.xcconfig */ = {isa = PBXFileReference; includeInIndex = 1; lastKnownFileType = text.xcconfig; name = "Pods-WeatherAppTests.release.xcconfig"; path = "Pods/Target Support Files/Pods-WeatherAppTests/Pods-WeatherAppTests.release.xcconfig"; sourceTree = "<group>"; };
		D65577BDDAEB00C1F07C3CD4 /* Pods_WeatherAppTests.framework */ = {isa = PBXFileReference; explicitFileType = wrapper.framework; includeInIndex = 0; path = Pods_WeatherAppTests.framework; sourceTree = BUILT_PRODUCTS_DIR; };
/* End PBXFileReference section */

/* Begin PBXFrameworksBuildPhase section */
		31E8949E1E8052C00038E70A /* Frameworks */ = {
			isa = PBXFrameworksBuildPhase;
			buildActionMask = 2147483647;
			files = (
				5543C44306A3FC517C9C82EA /* Pods_WeatherApp.framework in Frameworks */,
			);
			runOnlyForDeploymentPostprocessing = 0;
		};
		31E894B21E8052C00038E70A /* Frameworks */ = {
			isa = PBXFrameworksBuildPhase;
			buildActionMask = 2147483647;
			files = (
				B388C42E5BFFC82173BCB8A6 /* Pods_WeatherAppTests.framework in Frameworks */,
			);
			runOnlyForDeploymentPostprocessing = 0;
		};
		31E894BD1E8052C00038E70A /* Frameworks */ = {
			isa = PBXFrameworksBuildPhase;
			buildActionMask = 2147483647;
			files = (
				8AA0FD26FDBDB364D893B906 /* Pods_WeatherAppUITests.framework in Frameworks */,
			);
			runOnlyForDeploymentPostprocessing = 0;
		};
/* End PBXFrameworksBuildPhase section */

/* Begin PBXGroup section */
		31E894981E8052C00038E70A = {
			isa = PBXGroup;
			children = (
				31E894A31E8052C00038E70A /* WeatherApp */,
				31E894B81E8052C00038E70A /* WeatherAppTests */,
				31E894C31E8052C00038E70A /* WeatherAppUITests */,
				31E894A21E8052C00038E70A /* Products */,
				4F3900182C3E0008DEAB7105 /* Pods */,
				7EA10D3BEF62BE4580BBCBE2 /* Frameworks */,
			);
			sourceTree = "<group>";
		};
		31E894A21E8052C00038E70A /* Products */ = {
			isa = PBXGroup;
			children = (
				31E894A11E8052C00038E70A /* WeatherApp.app */,
				31E894B51E8052C00038E70A /* WeatherAppTests.xctest */,
				31E894C01E8052C00038E70A /* WeatherAppUITests.xctest */,
			);
			name = Products;
			sourceTree = "<group>";
		};
		31E894A31E8052C00038E70A /* WeatherApp */ = {
			isa = PBXGroup;
			children = (
				31E894A41E8052C00038E70A /* AppDelegate.swift */,
				31E894A61E8052C00038E70A /* ViewController.swift */,
				31E894A81E8052C00038E70A /* Main.storyboard */,
				31E894AB1E8052C00038E70A /* Assets.xcassets */,
				31E894AD1E8052C00038E70A /* LaunchScreen.storyboard */,
				31E894B01E8052C00038E70A /* Info.plist */,
			);
			path = WeatherApp;
			sourceTree = "<group>";
		};
		31E894B81E8052C00038E70A /* WeatherAppTests */ = {
			isa = PBXGroup;
			children = (
				31E894B91E8052C00038E70A /* WeatherAppTests.swift */,
				31E894BB1E8052C00038E70A /* Info.plist */,
			);
			path = WeatherAppTests;
			sourceTree = "<group>";
		};
		31E894C31E8052C00038E70A /* WeatherAppUITests */ = {
			isa = PBXGroup;
			children = (
				31E894C41E8052C00038E70A /* WeatherAppUITests.swift */,
				31E894C61E8052C00038E70A /* Info.plist */,
			);
			path = WeatherAppUITests;
			sourceTree = "<group>";
		};
		4F3900182C3E0008DEAB7105 /* Pods */ = {
			isa = PBXGroup;
			children = (
				1B9F5B933530648E8B2FF220 /* Pods-WeatherApp.debug.xcconfig */,
				1DB8461798A011F1F80454D7 /* Pods-WeatherApp.release.xcconfig */,
				5DB29615C7BB02540CBE0011 /* Pods-WeatherAppTests.debug.xcconfig */,
				A41F96CC73093249BDE18ED0 /* Pods-WeatherAppTests.release.xcconfig */,
				53569CDC8E0A7F552C6BDA40 /* Pods-WeatherAppUITests.debug.xcconfig */,
				239CE2A3452005F6CF9AEE52 /* Pods-WeatherAppUITests.release.xcconfig */,
			);
			name = Pods;
			sourceTree = "<group>";
		};
		7EA10D3BEF62BE4580BBCBE2 /* Frameworks */ = {
			isa = PBXGroup;
			children = (
				14BA2B712E670BCED6EC376C /* Pods_WeatherApp.framework */,
				D65577BDDAEB00C1F07C3CD4 /* Pods_WeatherAppTests.framework */,
				47D4176C2341BA2B1AB9BF69 /* Pods_WeatherAppUITests.framework */,
			);
			name = Frameworks;
			sourceTree = "<group>";
		};
/* End PBXGroup section */

/* Begin PBXNativeTarget section */
		31E894A01E8052C00038E70A /* WeatherApp */ = {
			isa = PBXNativeTarget;
			buildConfigurationList = 31E894C91E8052C00038E70A /* Build configuration list for PBXNativeTarget "WeatherApp" */;
			buildPhases = (
				9AD79338C87728939A7E025D /* [CP] Check Pods Manifest.lock */,
				31E8949D1E8052C00038E70A /* Sources */,
				31E8949E1E8052C00038E70A /* Frameworks */,
				31E8949F1E8052C00038E70A /* Resources */,
				2903669F9F68B30DA44B925E /* [CP] Embed Pods Frameworks */,
				A8B05A8C6FE1A95F7D0C127F /* [CP] Copy Pods Resources */,
			);
			buildRules = (
			);
			dependencies = (
			);
			name = WeatherApp;
			productName = WeatherApp;
			productReference = 31E894A11E8052C00038E70A /* WeatherApp.app */;
			productType = "com.apple.product-type.application";
		};
		31E894B41E8052C00038E70A /* WeatherAppTests */ = {
			isa = PBXNativeTarget;
			buildConfigurationList = 31E894CC1E8052C00038E70A /* Build configuration list for PBXNativeTarget "WeatherAppTests" */;
			buildPhases = (
				061D667115A1B77B3A6FB080 /* [CP] Check Pods Manifest.lock */,
				31E894B11E8052C00038E70A /* Sources */,
				31E894B21E8052C00038E70A /* Frameworks */,
				31E894B31E8052C00038E70A /* Resources */,
				3F3FC20E224AF9A876A0CB48 /* [CP] Embed Pods Frameworks */,
				013FE68CA1EFF66EAD93EBDF /* [CP] Copy Pods Resources */,
			);
			buildRules = (
			);
			dependencies = (
				31E894B71E8052C00038E70A /* PBXTargetDependency */,
			);
			name = WeatherAppTests;
			productName = WeatherAppTests;
			productReference = 31E894B51E8052C00038E70A /* WeatherAppTests.xctest */;
			productType = "com.apple.product-type.bundle.unit-test";
		};
		31E894BF1E8052C00038E70A /* WeatherAppUITests */ = {
			isa = PBXNativeTarget;
			buildConfigurationList = 31E894CF1E8052C00038E70A /* Build configuration list for PBXNativeTarget "WeatherAppUITests" */;
			buildPhases = (
				6EF8D7111F25384CEA5631EA /* [CP] Check Pods Manifest.lock */,
				31E894BC1E8052C00038E70A /* Sources */,
				31E894BD1E8052C00038E70A /* Frameworks */,
				31E894BE1E8052C00038E70A /* Resources */,
				A476F734DE4AF6AD72706721 /* [CP] Embed Pods Frameworks */,
				9B403B2E0D80E2E87C813214 /* [CP] Copy Pods Resources */,
			);
			buildRules = (
			);
			dependencies = (
				31E894C21E8052C00038E70A /* PBXTargetDependency */,
			);
			name = WeatherAppUITests;
			productName = WeatherAppUITests;
			productReference = 31E894C01E8052C00038E70A /* WeatherAppUITests.xctest */;
			productType = "com.apple.product-type.bundle.ui-testing";
		};
/* End PBXNativeTarget section */

/* Begin PBXProject section */
		31E894991E8052C00038E70A /* Project object */ = {
			isa = PBXProject;
			attributes = {
				LastSwiftUpdateCheck = 0820;
				LastUpgradeCheck = 0820;
				ORGANIZATIONNAME = Alejos;
				TargetAttributes = {
					31E894A01E8052C00038E70A = {
						CreatedOnToolsVersion = 8.2.1;
						ProvisioningStyle = Automatic;
					};
					31E894B41E8052C00038E70A = {
						CreatedOnToolsVersion = 8.2.1;
						ProvisioningStyle = Automatic;
						TestTargetID = 31E894A01E8052C00038E70A;
					};
					31E894BF1E8052C00038E70A = {
						CreatedOnToolsVersion = 8.2.1;
						ProvisioningStyle = Automatic;
						TestTargetID = 31E894A01E8052C00038E70A;
					};
				};
			};
			buildConfigurationList = 31E8949C1E8052C00038E70A /* Build configuration list for PBXProject "WeatherApp" */;
			compatibilityVersion = "Xcode 3.2";
			developmentRegion = English;
			hasScannedForEncodings = 0;
			knownRegions = (
				en,
				Base,
			);
			mainGroup = 31E894981E8052C00038E70A;
			productRefGroup = 31E894A21E8052C00038E70A /* Products */;
			projectDirPath = "";
			projectRoot = "";
			targets = (
				31E894A01E8052C00038E70A /* WeatherApp */,
				31E894B41E8052C00038E70A /* WeatherAppTests */,
				31E894BF1E8052C00038E70A /* WeatherAppUITests */,
			);
		};
/* End PBXProject section */

/* Begin PBXResourcesBuildPhase section */
		31E8949F1E8052C00038E70A /* Resources */ = {
			isa = PBXResourcesBuildPhase;
			buildActionMask = 2147483647;
			files = (
				31E894AF1E8052C00038E70A /* LaunchScreen.storyboard in Resources */,
				31E894AC1E8052C00038E70A /* Assets.xcassets in Resources */,
				31E894AA1E8052C00038E70A /* Main.storyboard in Resources */,
			);
			runOnlyForDeploymentPostprocessing = 0;
		};
		31E894B31E8052C00038E70A /* Resources */ = {
			isa = PBXResourcesBuildPhase;
			buildActionMask = 2147483647;
			files = (
			);
			runOnlyForDeploymentPostprocessing = 0;
		};
		31E894BE1E8052C00038E70A /* Resources */ = {
			isa = PBXResourcesBuildPhase;
			buildActionMask = 2147483647;
			files = (
			);
			runOnlyForDeploymentPostprocessing = 0;
		};
/* End PBXResourcesBuildPhase section */

/* Begin PBXShellScriptBuildPhase section */
		013FE68CA1EFF66EAD93EBDF /* [CP] Copy Pods Resources */ = {
			isa = PBXShellScriptBuildPhase;
			buildActionMask = 2147483647;
			files = (
			);
			inputPaths = (
			);
			name = "[CP] Copy Pods Resources";
			outputPaths = (
			);
			runOnlyForDeploymentPostprocessing = 0;
			shellPath = /bin/sh;
			shellScript = "\"${SRCROOT}/Pods/Target Support Files/Pods-WeatherAppTests/Pods-WeatherAppTests-resources.sh\"\n";
			showEnvVarsInLog = 0;
		};
		061D667115A1B77B3A6FB080 /* [CP] Check Pods Manifest.lock */ = {
			isa = PBXShellScriptBuildPhase;
			buildActionMask = 2147483647;
			files = (
			);
			inputPaths = (
			);
			name = "[CP] Check Pods Manifest.lock";
			outputPaths = (
			);
			runOnlyForDeploymentPostprocessing = 0;
			shellPath = /bin/sh;
			shellScript = "diff \"${PODS_ROOT}/../Podfile.lock\" \"${PODS_ROOT}/Manifest.lock\" > /dev/null\nif [ $? != 0 ] ; then\n    # print error to STDERR\n    echo \"error: The sandbox is not in sync with the Podfile.lock. Run 'pod install' or update your CocoaPods installation.\" >&2\n    exit 1\nfi\n";
			showEnvVarsInLog = 0;
		};
		2903669F9F68B30DA44B925E /* [CP] Embed Pods Frameworks */ = {
			isa = PBXShellScriptBuildPhase;
			buildActionMask = 2147483647;
			files = (
			);
			inputPaths = (
			);
			name = "[CP] Embed Pods Frameworks";
			outputPaths = (
			);
			runOnlyForDeploymentPostprocessing = 0;
			shellPath = /bin/sh;
			shellScript = "\"${SRCROOT}/Pods/Target Support Files/Pods-WeatherApp/Pods-WeatherApp-frameworks.sh\"\n";
			showEnvVarsInLog = 0;
		};
		3F3FC20E224AF9A876A0CB48 /* [CP] Embed Pods Frameworks */ = {
			isa = PBXShellScriptBuildPhase;
			buildActionMask = 2147483647;
			files = (
			);
			inputPaths = (
			);
			name = "[CP] Embed Pods Frameworks";
			outputPaths = (
			);
			runOnlyForDeploymentPostprocessing = 0;
			shellPath = /bin/sh;
			shellScript = "\"${SRCROOT}/Pods/Target Support Files/Pods-WeatherAppTests/Pods-WeatherAppTests-frameworks.sh\"\n";
			showEnvVarsInLog = 0;
		};
		6EF8D7111F25384CEA5631EA /* [CP] Check Pods Manifest.lock */ = {
			isa = PBXShellScriptBuildPhase;
			buildActionMask = 2147483647;
			files = (
			);
			inputPaths = (
			);
			name = "[CP] Check Pods Manifest.lock";
			outputPaths = (
			);
			runOnlyForDeploymentPostprocessing = 0;
			shellPath = /bin/sh;
			shellScript = "diff \"${PODS_ROOT}/../Podfile.lock\" \"${PODS_ROOT}/Manifest.lock\" > /dev/null\nif [ $? != 0 ] ; then\n    # print error to STDERR\n    echo \"error: The sandbox is not in sync with the Podfile.lock. Run 'pod install' or update your CocoaPods installation.\" >&2\n    exit 1\nfi\n";
			showEnvVarsInLog = 0;
		};
		9AD79338C87728939A7E025D /* [CP] Check Pods Manifest.lock */ = {
			isa = PBXShellScriptBuildPhase;
			buildActionMask = 2147483647;
			files = (
			);
			inputPaths = (
			);
			name = "[CP] Check Pods Manifest.lock";
			outputPaths = (
			);
			runOnlyForDeploymentPostprocessing = 0;
			shellPath = /bin/sh;
			shellScript = "diff \"${PODS_ROOT}/../Podfile.lock\" \"${PODS_ROOT}/Manifest.lock\" > /dev/null\nif [ $? != 0 ] ; then\n    # print error to STDERR\n    echo \"error: The sandbox is not in sync with the Podfile.lock. Run 'pod install' or update your CocoaPods installation.\" >&2\n    exit 1\nfi\n";
			showEnvVarsInLog = 0;
		};
		9B403B2E0D80E2E87C813214 /* [CP] Copy Pods Resources */ = {
			isa = PBXShellScriptBuildPhase;
			buildActionMask = 2147483647;
			files = (
			);
			inputPaths = (
			);
			name = "[CP] Copy Pods Resources";
			outputPaths = (
			);
			runOnlyForDeploymentPostprocessing = 0;
			shellPath = /bin/sh;
			shellScript = "\"${SRCROOT}/Pods/Target Support Files/Pods-WeatherAppUITests/Pods-WeatherAppUITests-resources.sh\"\n";
			showEnvVarsInLog = 0;
		};
		A476F734DE4AF6AD72706721 /* [CP] Embed Pods Frameworks */ = {
			isa = PBXShellScriptBuildPhase;
			buildActionMask = 2147483647;
			files = (
			);
			inputPaths = (
			);
			name = "[CP] Embed Pods Frameworks";
			outputPaths = (
			);
			runOnlyForDeploymentPostprocessing = 0;
			shellPath = /bin/sh;
			shellScript = "\"${SRCROOT}/Pods/Target Support Files/Pods-WeatherAppUITests/Pods-WeatherAppUITests-frameworks.sh\"\n";
			showEnvVarsInLog = 0;
		};
		A8B05A8C6FE1A95F7D0C127F /* [CP] Copy Pods Resources */ = {
			isa = PBXShellScriptBuildPhase;
			buildActionMask = 2147483647;
			files = (
			);
			inputPaths = (
			);
			name = "[CP] Copy Pods Resources";
			outputPaths = (
			);
			runOnlyForDeploymentPostprocessing = 0;
			shellPath = /bin/sh;
			shellScript = "\"${SRCROOT}/Pods/Target Support Files/Pods-WeatherApp/Pods-WeatherApp-resources.sh\"\n";
			showEnvVarsInLog = 0;
		};
/* End PBXShellScriptBuildPhase section */

/* Begin PBXSourcesBuildPhase section */
		31E8949D1E8052C00038E70A /* Sources */ = {
			isa = PBXSourcesBuildPhase;
			buildActionMask = 2147483647;
			files = (
				31E894A71E8052C00038E70A /* ViewController.swift in Sources */,
				31E894A51E8052C00038E70A /* AppDelegate.swift in Sources */,
			);
			runOnlyForDeploymentPostprocessing = 0;
		};
		31E894B11E8052C00038E70A /* Sources */ = {
			isa = PBXSourcesBuildPhase;
			buildActionMask = 2147483647;
			files = (
				31E894BA1E8052C00038E70A /* WeatherAppTests.swift in Sources */,
			);
			runOnlyForDeploymentPostprocessing = 0;
		};
		31E894BC1E8052C00038E70A /* Sources */ = {
			isa = PBXSourcesBuildPhase;
			buildActionMask = 2147483647;
			files = (
				31E894C51E8052C00038E70A /* WeatherAppUITests.swift in Sources */,
			);
			runOnlyForDeploymentPostprocessing = 0;
		};
/* End PBXSourcesBuildPhase section */

/* Begin PBXTargetDependency section */
		31E894B71E8052C00038E70A /* PBXTargetDependency */ = {
			isa = PBXTargetDependency;
			target = 31E894A01E8052C00038E70A /* WeatherApp */;
			targetProxy = 31E894B61E8052C00038E70A /* PBXContainerItemProxy */;
		};
		31E894C21E8052C00038E70A /* PBXTargetDependency */ = {
			isa = PBXTargetDependency;
			target = 31E894A01E8052C00038E70A /* WeatherApp */;
			targetProxy = 31E894C11E8052C00038E70A /* PBXContainerItemProxy */;
		};
/* End PBXTargetDependency section */

/* Begin PBXVariantGroup section */
		31E894A81E8052C00038E70A /* Main.storyboard */ = {
			isa = PBXVariantGroup;
			children = (
				31E894A91E8052C00038E70A /* Base */,
			);
			name = Main.storyboard;
			sourceTree = "<group>";
		};
		31E894AD1E8052C00038E70A /* LaunchScreen.storyboard */ = {
			isa = PBXVariantGroup;
			children = (
				31E894AE1E8052C00038E70A /* Base */,
			);
			name = LaunchScreen.storyboard;
			sourceTree = "<group>";
		};
/* End PBXVariantGroup section */

/* Begin XCBuildConfiguration section */
		31E894C71E8052C00038E70A /* Debug */ = {
			isa = XCBuildConfiguration;
			buildSettings = {
				ALWAYS_SEARCH_USER_PATHS = NO;
				CLANG_ANALYZER_NONNULL = YES;
				CLANG_CXX_LANGUAGE_STANDARD = "gnu++0x";
				CLANG_CXX_LIBRARY = "libc++";
				CLANG_ENABLE_MODULES = YES;
				CLANG_ENABLE_OBJC_ARC = YES;
				CLANG_WARN_BOOL_CONVERSION = YES;
				CLANG_WARN_CONSTANT_CONVERSION = YES;
				CLANG_WARN_DIRECT_OBJC_ISA_USAGE = YES_ERROR;
				CLANG_WARN_DOCUMENTATION_COMMENTS = YES;
				CLANG_WARN_EMPTY_BODY = YES;
				CLANG_WARN_ENUM_CONVERSION = YES;
				CLANG_WARN_INFINITE_RECURSION = YES;
				CLANG_WARN_INT_CONVERSION = YES;
				CLANG_WARN_OBJC_ROOT_CLASS = YES_ERROR;
				CLANG_WARN_SUSPICIOUS_MOVE = YES;
				CLANG_WARN_UNREACHABLE_CODE = YES;
				CLANG_WARN__DUPLICATE_METHOD_MATCH = YES;
				"CODE_SIGN_IDENTITY[sdk=iphoneos*]" = "iPhone Developer";
				COPY_PHASE_STRIP = NO;
				DEBUG_INFORMATION_FORMAT = dwarf;
				ENABLE_STRICT_OBJC_MSGSEND = YES;
				ENABLE_TESTABILITY = YES;
				GCC_C_LANGUAGE_STANDARD = gnu99;
				GCC_DYNAMIC_NO_PIC = NO;
				GCC_NO_COMMON_BLOCKS = YES;
				GCC_OPTIMIZATION_LEVEL = 0;
				GCC_PREPROCESSOR_DEFINITIONS = (
					"DEBUG=1",
					"$(inherited)",
				);
				GCC_WARN_64_TO_32_BIT_CONVERSION = YES;
				GCC_WARN_ABOUT_RETURN_TYPE = YES_ERROR;
				GCC_WARN_UNDECLARED_SELECTOR = YES;
				GCC_WARN_UNINITIALIZED_AUTOS = YES_AGGRESSIVE;
				GCC_WARN_UNUSED_FUNCTION = YES;
				GCC_WARN_UNUSED_VARIABLE = YES;
				IPHONEOS_DEPLOYMENT_TARGET = 10.2;
				MTL_ENABLE_DEBUG_INFO = YES;
				ONLY_ACTIVE_ARCH = YES;
				SDKROOT = iphoneos;
				SWIFT_ACTIVE_COMPILATION_CONDITIONS = DEBUG;
				SWIFT_OPTIMIZATION_LEVEL = "-Onone";
				TARGETED_DEVICE_FAMILY = "1,2";
			};
			name = Debug;
		};
		31E894C81E8052C00038E70A /* Release */ = {
			isa = XCBuildConfiguration;
			buildSettings = {
				ALWAYS_SEARCH_USER_PATHS = NO;
				CLANG_ANALYZER_NONNULL = YES;
				CLANG_CXX_LANGUAGE_STANDARD = "gnu++0x";
				CLANG_CXX_LIBRARY = "libc++";
				CLANG_ENABLE_MODULES = YES;
				CLANG_ENABLE_OBJC_ARC = YES;
				CLANG_WARN_BOOL_CONVERSION = YES;
				CLANG_WARN_CONSTANT_CONVERSION = YES;
				CLANG_WARN_DIRECT_OBJC_ISA_USAGE = YES_ERROR;
				CLANG_WARN_DOCUMENTATION_COMMENTS = YES;
				CLANG_WARN_EMPTY_BODY = YES;
				CLANG_WARN_ENUM_CONVERSION = YES;
				CLANG_WARN_INFINITE_RECURSION = YES;
				CLANG_WARN_INT_CONVERSION = YES;
				CLANG_WARN_OBJC_ROOT_CLASS = YES_ERROR;
				CLANG_WARN_SUSPICIOUS_MOVE = YES;
				CLANG_WARN_UNREACHABLE_CODE = YES;
				CLANG_WARN__DUPLICATE_METHOD_MATCH = YES;
				"CODE_SIGN_IDENTITY[sdk=iphoneos*]" = "iPhone Developer";
				COPY_PHASE_STRIP = NO;
				DEBUG_INFORMATION_FORMAT = "dwarf-with-dsym";
				ENABLE_NS_ASSERTIONS = NO;
				ENABLE_STRICT_OBJC_MSGSEND = YES;
				GCC_C_LANGUAGE_STANDARD = gnu99;
				GCC_NO_COMMON_BLOCKS = YES;
				GCC_WARN_64_TO_32_BIT_CONVERSION = YES;
				GCC_WARN_ABOUT_RETURN_TYPE = YES_ERROR;
				GCC_WARN_UNDECLARED_SELECTOR = YES;
				GCC_WARN_UNINITIALIZED_AUTOS = YES_AGGRESSIVE;
				GCC_WARN_UNUSED_FUNCTION = YES;
				GCC_WARN_UNUSED_VARIABLE = YES;
				IPHONEOS_DEPLOYMENT_TARGET = 10.2;
				MTL_ENABLE_DEBUG_INFO = NO;
				SDKROOT = iphoneos;
				SWIFT_OPTIMIZATION_LEVEL = "-Owholemodule";
				TARGETED_DEVICE_FAMILY = "1,2";
				VALIDATE_PRODUCT = YES;
			};
			name = Release;
		};
		31E894CA1E8052C00038E70A /* Debug */ = {
			isa = XCBuildConfiguration;
			baseConfigurationReference = 1B9F5B933530648E8B2FF220 /* Pods-WeatherApp.debug.xcconfig */;
			buildSettings = {
				ASSETCATALOG_COMPILER_APPICON_NAME = AppIcon;
				INFOPLIST_FILE = WeatherApp/Info.plist;
				LD_RUNPATH_SEARCH_PATHS = "$(inherited) @executable_path/Frameworks";
				PRODUCT_BUNDLE_IDENTIFIER = nearsoft.WeatherApp;
				PRODUCT_NAME = "$(TARGET_NAME)";
				SWIFT_VERSION = 3.0;
			};
			name = Debug;
		};
		31E894CB1E8052C00038E70A /* Release */ = {
			isa = XCBuildConfiguration;
			baseConfigurationReference = 1DB8461798A011F1F80454D7 /* Pods-WeatherApp.release.xcconfig */;
			buildSettings = {
				ASSETCATALOG_COMPILER_APPICON_NAME = AppIcon;
				INFOPLIST_FILE = WeatherApp/Info.plist;
				LD_RUNPATH_SEARCH_PATHS = "$(inherited) @executable_path/Frameworks";
				PRODUCT_BUNDLE_IDENTIFIER = nearsoft.WeatherApp;
				PRODUCT_NAME = "$(TARGET_NAME)";
				SWIFT_VERSION = 3.0;
			};
			name = Release;
		};
		31E894CD1E8052C00038E70A /* Debug */ = {
			isa = XCBuildConfiguration;
			baseConfigurationReference = 5DB29615C7BB02540CBE0011 /* Pods-WeatherAppTests.debug.xcconfig */;
			buildSettings = {
				ALWAYS_EMBED_SWIFT_STANDARD_LIBRARIES = YES;
				BUNDLE_LOADER = "$(TEST_HOST)";
				INFOPLIST_FILE = WeatherAppTests/Info.plist;
				LD_RUNPATH_SEARCH_PATHS = "$(inherited) @executable_path/Frameworks @loader_path/Frameworks";
				PRODUCT_BUNDLE_IDENTIFIER = nearsoft.WeatherAppTests;
				PRODUCT_NAME = "$(TARGET_NAME)";
				SWIFT_VERSION = 3.0;
				TEST_HOST = "$(BUILT_PRODUCTS_DIR)/WeatherApp.app/WeatherApp";
			};
			name = Debug;
		};
		31E894CE1E8052C00038E70A /* Release */ = {
			isa = XCBuildConfiguration;
			baseConfigurationReference = A41F96CC73093249BDE18ED0 /* Pods-WeatherAppTests.release.xcconfig */;
			buildSettings = {
				ALWAYS_EMBED_SWIFT_STANDARD_LIBRARIES = YES;
				BUNDLE_LOADER = "$(TEST_HOST)";
				INFOPLIST_FILE = WeatherAppTests/Info.plist;
				LD_RUNPATH_SEARCH_PATHS = "$(inherited) @executable_path/Frameworks @loader_path/Frameworks";
				PRODUCT_BUNDLE_IDENTIFIER = nearsoft.WeatherAppTests;
				PRODUCT_NAME = "$(TARGET_NAME)";
				SWIFT_VERSION = 3.0;
				TEST_HOST = "$(BUILT_PRODUCTS_DIR)/WeatherApp.app/WeatherApp";
			};
			name = Release;
		};
		31E894D01E8052C00038E70A /* Debug */ = {
			isa = XCBuildConfiguration;
			baseConfigurationReference = 53569CDC8E0A7F552C6BDA40 /* Pods-WeatherAppUITests.debug.xcconfig */;
			buildSettings = {
				ALWAYS_EMBED_SWIFT_STANDARD_LIBRARIES = YES;
				INFOPLIST_FILE = WeatherAppUITests/Info.plist;
				LD_RUNPATH_SEARCH_PATHS = "$(inherited) @executable_path/Frameworks @loader_path/Frameworks";
				PRODUCT_BUNDLE_IDENTIFIER = nearsoft.WeatherAppUITests;
				PRODUCT_NAME = "$(TARGET_NAME)";
				SWIFT_VERSION = 3.0;
				TEST_TARGET_NAME = WeatherApp;
			};
			name = Debug;
		};
		31E894D11E8052C00038E70A /* Release */ = {
			isa = XCBuildConfiguration;
			baseConfigurationReference = 239CE2A3452005F6CF9AEE52 /* Pods-WeatherAppUITests.release.xcconfig */;
			buildSettings = {
				ALWAYS_EMBED_SWIFT_STANDARD_LIBRARIES = YES;
				INFOPLIST_FILE = WeatherAppUITests/Info.plist;
				LD_RUNPATH_SEARCH_PATHS = "$(inherited) @executable_path/Frameworks @loader_path/Frameworks";
				PRODUCT_BUNDLE_IDENTIFIER = nearsoft.WeatherAppUITests;
				PRODUCT_NAME = "$(TARGET_NAME)";
				SWIFT_VERSION = 3.0;
				TEST_TARGET_NAME = WeatherApp;
			};
			name = Release;
		};
/* End XCBuildConfiguration section */

/* Begin XCConfigurationList section */
		31E8949C1E8052C00038E70A /* Build configuration list for PBXProject "WeatherApp" */ = {
			isa = XCConfigurationList;
			buildConfigurations = (
				31E894C71E8052C00038E70A /* Debug */,
				31E894C81E8052C00038E70A /* Release */,
			);
			defaultConfigurationIsVisible = 0;
			defaultConfigurationName = Release;
		};
		31E894C91E8052C00038E70A /* Build configuration list for PBXNativeTarget "WeatherApp" */ = {
			isa = XCConfigurationList;
			buildConfigurations = (
				31E894CA1E8052C00038E70A /* Debug */,
				31E894CB1E8052C00038E70A /* Release */,
			);
			defaultConfigurationIsVisible = 0;
		};
		31E894CC1E8052C00038E70A /* Build configuration list for PBXNativeTarget "WeatherAppTests" */ = {
			isa = XCConfigurationList;
			buildConfigurations = (
				31E894CD1E8052C00038E70A /* Debug */,
				31E894CE1E8052C00038E70A /* Release */,
			);
			defaultConfigurationIsVisible = 0;
		};
		31E894CF1E8052C00038E70A /* Build configuration list for PBXNativeTarget "WeatherAppUITests" */ = {
			isa = XCConfigurationList;
			buildConfigurations = (
				31E894D01E8052C00038E70A /* Debug */,
				31E894D11E8052C00038E70A /* Release */,
			);
			defaultConfigurationIsVisible = 0;
		};
/* End XCConfigurationList section */
	};
	rootObject = 31E894991E8052C00038E70A /* Project object */;
}
